{
  "lockfileVersion": 1,
  "configVersion": 1,
  "workspaces": {
    "": {
      "name": "myszy",
      "devDependencies": {
        "@typescript/native-preview": "^7.0.0-dev.20260707.2",
        "bun-types": "^1.4.2",
        "playwright": "1",
      },
    },
  },
  "packages": {
    "@types/node": ["@types/node@26.6.4", "", { "dependencies": { "undici-types": "~8.9.0" } }, "sha512-ldVPDCzj7fsaGZrLB0NuHuTvJcsNasysBAqMolr/cgxrLd1xbqxIr3XJiPnHHJUCxj5sNF1vnRj9aWnrVh5Jcg=="],

    "@typescript/native-preview": ["@typescript/native-preview@7.0.0-dev.20260707.2", "", { "optionalDependencies": { "@typescript/native-preview-darwin-arm64": "7.0.0-dev.20260707.2", "@typescript/native-preview-darwin-x64": "7.0.0-dev.20260707.2", "@typescript/native-preview-linux-arm": "7.0.0-dev.20260707.2", "@typescript/native-preview-linux-arm64": "7.0.0-dev.20260707.2", "@typescript/native-preview-linux-x64": "7.0.0-dev.20260707.2", "@typescript/native-preview-win32-arm64": "7.0.0-dev.20260707.2", "@typescript/native-preview-win32-x64": "7.0.0-dev.20260707.2" }, "bin": { "tsgo": "bin/tsgo" } }, "sha512-oUGp+Rep/hqMhPunyinsALUwSlzHINSxitifPiSaeqoKOKD2OlR9NE3TaPqwsl4NlGslsOSUXI1JotWQzpYCPg=="],

    "@typescript/native-preview-darwin-arm64": ["@typescript/native-preview-darwin-arm64@7.0.0-dev.20260707.2", "", { "os": "darwin", "cpu": "arm64" }, "sha512-wny2pgKjGbiZtnOIHVa3tXC1UfDqxNEFzyPGmiqybedG8hipG2Nfp0l5UxbaKCjkLacUpH/W5bP2hBOMVhCOzg=="],

    "@typescript/native-preview-darwin-x64": ["@typescript/native-preview-darwin-x64@7.0.0-dev.20260707.2", "", { "os": "darwin", "cpu": "x64" }, "sha512-Afc7M5zOwo+GpfcYwz5Z8HMB2tPVsui7nNIqEuuFB73MPdVqNn/Wmpe4tP4MRri0AtJnJknoHBaTJ/VDAp/Jhw=="],

    "@typescript/native-preview-linux-arm": ["@typescript/native-preview-linux-arm@7.0.0-dev.20260707.2", "", { "os": "linux", "cpu": "arm" }, "sha512-hJm/UOqZTr9FHmR7uNm8VGX4oKtfWk0Jem0zPeJFNC8ckGUfSBueyiEYMZB+XmRc1aG4x1E46y3CplP4CLHvGQ=="],

    "@typescript/native-preview-linux-arm64": ["@typescript/native-preview-linux-arm64@7.0.0-dev.20260707.2", "", { "os": "linux", "cpu": "arm64" }, "sha512-iITBa2WjjTI5N9t5l7Z4KoOSI+2zBlhbvFzsD/f8qX8QoKjz/Y4DPyBDgezYi8nkqjjksbgSOJ3/ykzhwrB9cg=="],

    "@typescript/native-preview-linux-x64": ["@typescript/native-preview-linux-x64@7.0.0-dev.20260707.2", "", { "os": "linux", "cpu": "x64" }, "sha512-du0dzi6y97Po5vDNdPJTyyijHCpaS22JLRnKZEJXBDaO9gCIymOv/5QQokFRuOlQm0bWl3i9PF4OVdGP6uAOQA=="],

    "@typescript/native-preview-win32-arm64": ["@typescript/native-preview-win32-arm64@7.0.0-dev.20260707.2", "", { "os": "win32", "cpu": "arm64" }, "sha512-SsAwfhyHJ1akgBc+99z4+hwdbHsdWaKB8EwCNIMA6JfSLMeUjffrYvxu+vfMyxVtOVOz7RrRXRoiDiu4a2sCtg=="],

    "@typescript/native-preview-win32-x64": ["@typescript/native-preview-win32-x64@7.0.0-dev.20260707.2", "", { "os": "win32", "cpu": "x64" }, "sha512-DL4u27stv0fo71sVhOzHSwE+YMZsbBijVI+kg5dLDLilSH79WFTJ8RSQ46vJrCMt+Gjlv/JOZP1PuLJDfioYeQ=="],

    "bun-types": ["bun-types@1.4.2", "", { "dependencies": { "@types/node": "*" } }, "sha512-bxV1FgK7yBIzjRe5zBozIM4Bem11ZJcCXSrjWRG3YWLt8yFDePu4cLjpebO8OvPeIE9trbyPF4fuj3Cia4Fj3w=="],

    "playwright": ["playwright@1.64.0", "", { "dependencies": { "playwright-core": "1.64.0" }, "bin": { "playwright": "cli.js" } }, "sha512-kVzTnYFYEyQ9RGzBjNCd2+yEqWmVbxl3AHPynv3qQ6JTjv4a+kwRcnqQwIpuP3NnrnIrE/Q6wWAIAvMfIE2/Yg=="],

    "playwright-core": ["playwright-core@1.64.0", "", { "bin": { "playwright-core": "cli.js" } }, "sha512-T9r+MZkTECl2+oUcZ26YgZzTrYidTsIhYYkJix+6iDOymOb1FB2RLLSOxRGnZGv5DStt+aduIVbt+E8WygXYpg=="],

    "undici-types": ["undici-types@8.9.0", "", {}, "sha512-KTDyRTYX8sWmKXAikPHHSyc63CRPETMctyjKFupcC6OBLXT3xsN0e9aF7m+mIXutFWpUXuedtowG7iLOzp0kQg=="],
  }
}
